
Microsoft Visual Studio Solution File, Format Version 12.00
Project("{2150E333-8FDC-42A3-9474-1A3956D46DE8}") = "Cola", "Cola", "{EDE36FEA-27D0-4753-AF3D-B3BFDAE08790}"
EndProject
Project("{2150E333-8FDC-42A3-9474-1A3956D46DE8}") = "KunLun", "KunLun", "{7D134052-60E9-4BF4-BEFD-C1A47C8D025F}"
EndProject
Project("{2150E333-8FDC-42A3-9474-1A3956D46DE8}") = "1.Presentation", "1.Presentation", "{3BA2F8BD-87B7-4BA5-8697-98CB277953EE}"
EndProject
Project("{2150E333-8FDC-42A3-9474-1A3956D46DE8}") = "2.Application", "2.Application", "{3AA6B1FD-FFAA-4D71-A016-29192BBF31EE}"
EndProject
Project("{2150E333-8FDC-42A3-9474-1A3956D46DE8}") = "3.Domain", "3.Domain", "{C69D8EDE-4A2D-4725-940D-A7CACFDFA7C2}"
EndProject
Project("{2150E333-8FDC-42A3-9474-1A3956D46DE8}") = "4.Infrastructure", "4.Infrastructure", "{CC1E2609-D0A1-49D3-8F7C-1184CC04737B}"
EndProject
Project("{FAE04EC0-301F-11D3-BF4B-00C04F79EFBC}") = "KunLun.Api", "KunLun.Api\KunLun.Api.csproj", "{CC32F529-B833-46AA-96A2-CAB906AA161A}"
EndProject
Project("{FAE04EC0-301F-11D3-BF4B-00C04F79EFBC}") = "Cola.ColaCache", "..\ColaFramework\Cola.ColaCache\Cola.ColaCache.csproj", "{6248DEB6-E62A-4536-9587-703A52878C8C}"
EndProject
Project("{FAE04EC0-301F-11D3-BF4B-00C04F79EFBC}") = "Cola.ColaEF", "..\ColaFramework\Cola.ColaEF\Cola.ColaEF.csproj", "{DAE413EF-64F3-43F8-B0C7-1B630D16BF45}"
EndProject
Project("{FAE04EC0-301F-11D3-BF4B-00C04F79EFBC}") = "Cola.ColaGrpc", "..\ColaFramework\Cola.ColaGrpc\Cola.ColaGrpc.csproj", "{408034AB-F25F-4C8C-9054-784258917C53}"
EndProject
Project("{FAE04EC0-301F-11D3-BF4B-00C04F79EFBC}") = "Cola.ColaJwt", "..\ColaFramework\Cola.ColaJwt\Cola.ColaJwt.csproj", "{6EFB33BC-702D-41E6-9F45-AE72121EF24A}"
EndProject
Project("{FAE04EC0-301F-11D3-BF4B-00C04F79EFBC}") = "Cola.ColaMiddleware", "..\ColaFramework\Cola.ColaMiddleware\Cola.ColaMiddleware.csproj", "{192E3F41-0E97-4CC2-B35C-EE12307F0B3D}"
EndProject
Project("{FAE04EC0-301F-11D3-BF4B-00C04F79EFBC}") = "Cola.ColaWebApi", "..\ColaFramework\Cola.ColaWebApi\Cola.ColaWebApi.csproj", "{51743253-9DF7-4004-A630-D55E78549D23}"
EndProject
Project("{FAE04EC0-301F-11D3-BF4B-00C04F79EFBC}") = "Cola.Core", "..\ColaFramework\Cola.Core\Cola.Core.csproj", "{AEF54D0F-4A09-4ED7-9822-4C888394AB9F}"
EndProject
Project("{FAE04EC0-301F-11D3-BF4B-00C04F79EFBC}") = "Cola.CoreUtils", "..\ColaFramework\Cola.CoreUtils\Cola.CoreUtils.csproj", "{EE887C8F-AEE7-46F6-BFD8-73E93E6BD6A5}"
EndProject
Global
	GlobalSection(SolutionConfigurationPlatforms) = preSolution
		Debug|Any CPU = Debug|Any CPU
		Release|Any CPU = Release|Any CPU
	EndGlobalSection
	GlobalSection(ProjectConfigurationPlatforms) = postSolution
		{CC32F529-B833-46AA-96A2-CAB906AA161A}.Debug|Any CPU.ActiveCfg = Debug|Any CPU
		{CC32F529-B833-46AA-96A2-CAB906AA161A}.Debug|Any CPU.Build.0 = Debug|Any CPU
		{CC32F529-B833-46AA-96A2-CAB906AA161A}.Release|Any CPU.ActiveCfg = Release|Any CPU
		{CC32F529-B833-46AA-96A2-CAB906AA161A}.Release|Any CPU.Build.0 = Release|Any CPU
		{6248DEB6-E62A-4536-9587-703A52878C8C}.Debug|Any CPU.ActiveCfg = Debug|Any CPU
		{6248DEB6-E62A-4536-9587-703A52878C8C}.Debug|Any CPU.Build.0 = Debug|Any CPU
		{6248DEB6-E62A-4536-9587-703A52878C8C}.Release|Any CPU.ActiveCfg = Release|Any CPU
		{6248DEB6-E62A-4536-9587-703A52878C8C}.Release|Any CPU.Build.0 = Release|Any CPU
		{DAE413EF-64F3-43F8-B0C7-1B630D16BF45}.Debug|Any CPU.ActiveCfg = Debug|Any CPU
		{DAE413EF-64F3-43F8-B0C7-1B630D16BF45}.Debug|Any CPU.Build.0 = Debug|Any CPU
		{DAE413EF-64F3-43F8-B0C7-1B630D16BF45}.Release|Any CPU.ActiveCfg = Release|Any CPU
		{DAE413EF-64F3-43F8-B0C7-1B630D16BF45}.Release|Any CPU.Build.0 = Release|Any CPU
		{408034AB-F25F-4C8C-9054-784258917C53}.Debug|Any CPU.ActiveCfg = Debug|Any CPU
		{408034AB-F25F-4C8C-9054-784258917C53}.Debug|Any CPU.Build.0 = Debug|Any CPU
		{408034AB-F25F-4C8C-9054-784258917C53}.Release|Any CPU.ActiveCfg = Release|Any CPU
		{408034AB-F25F-4C8C-9054-784258917C53}.Release|Any CPU.Build.0 = Release|Any CPU
		{6EFB33BC-702D-41E6-9F45-AE72121EF24A}.Debug|Any CPU.ActiveCfg = Debug|Any CPU
		{6EFB33BC-702D-41E6-9F45-AE72121EF24A}.Debug|Any CPU.Build.0 = Debug|Any CPU
		{6EFB33BC-702D-41E6-9F45-AE72121EF24A}.Release|Any CPU.ActiveCfg = Release|Any CPU
		{6EFB33BC-702D-41E6-9F45-AE72121EF24A}.Release|Any CPU.Build.0 = Release|Any CPU
		{192E3F41-0E97-4CC2-B35C-EE12307F0B3D}.Debug|Any CPU.ActiveCfg = Debug|Any CPU
		{192E3F41-0E97-4CC2-B35C-EE12307F0B3D}.Debug|Any CPU.Build.0 = Debug|Any CPU
		{192E3F41-0E97-4CC2-B35C-EE12307F0B3D}.Release|Any CPU.ActiveCfg = Release|Any CPU
		{192E3F41-0E97-4CC2-B35C-EE12307F0B3D}.Release|Any CPU.Build.0 = Release|Any CPU
		{51743253-9DF7-4004-A630-D55E78549D23}.Debug|Any CPU.ActiveCfg = Debug|Any CPU
		{51743253-9DF7-4004-A630-D55E78549D23}.Debug|Any CPU.Build.0 = Debug|Any CPU
		{51743253-9DF7-4004-A630-D55E78549D23}.Release|Any CPU.ActiveCfg = Release|Any CPU
		{51743253-9DF7-4004-A630-D55E78549D23}.Release|Any CPU.Build.0 = Release|Any CPU
		{AEF54D0F-4A09-4ED7-9822-4C888394AB9F}.Debug|Any CPU.ActiveCfg = Debug|Any CPU
		{AEF54D0F-4A09-4ED7-9822-4C888394AB9F}.Debug|Any CPU.Build.0 = Debug|Any CPU
		{AEF54D0F-4A09-4ED7-9822-4C888394AB9F}.Release|Any CPU.ActiveCfg = Release|Any CPU
		{AEF54D0F-4A09-4ED7-9822-4C888394AB9F}.Release|Any CPU.Build.0 = Release|Any CPU
		{EE887C8F-AEE7-46F6-BFD8-73E93E6BD6A5}.Debug|Any CPU.ActiveCfg = Debug|Any CPU
		{EE887C8F-AEE7-46F6-BFD8-73E93E6BD6A5}.Debug|Any CPU.Build.0 = Debug|Any CPU
		{EE887C8F-AEE7-46F6-BFD8-73E93E6BD6A5}.Release|Any CPU.ActiveCfg = Release|Any CPU
		{EE887C8F-AEE7-46F6-BFD8-73E93E6BD6A5}.Release|Any CPU.Build.0 = Release|Any CPU
	EndGlobalSection
	GlobalSection(NestedProjects) = preSolution
		{3BA2F8BD-87B7-4BA5-8697-98CB277953EE} = {7D134052-60E9-4BF4-BEFD-C1A47C8D025F}
		{3AA6B1FD-FFAA-4D71-A016-29192BBF31EE} = {7D134052-60E9-4BF4-BEFD-C1A47C8D025F}
		{C69D8EDE-4A2D-4725-940D-A7CACFDFA7C2} = {7D134052-60E9-4BF4-BEFD-C1A47C8D025F}
		{CC1E2609-D0A1-49D3-8F7C-1184CC04737B} = {7D134052-60E9-4BF4-BEFD-C1A47C8D025F}
		{CC32F529-B833-46AA-96A2-CAB906AA161A} = {3BA2F8BD-87B7-4BA5-8697-98CB277953EE}
		{6248DEB6-E62A-4536-9587-703A52878C8C} = {EDE36FEA-27D0-4753-AF3D-B3BFDAE08790}
		{DAE413EF-64F3-43F8-B0C7-1B630D16BF45} = {EDE36FEA-27D0-4753-AF3D-B3BFDAE08790}
		{408034AB-F25F-4C8C-9054-784258917C53} = {EDE36FEA-27D0-4753-AF3D-B3BFDAE08790}
		{6EFB33BC-702D-41E6-9F45-AE72121EF24A} = {EDE36FEA-27D0-4753-AF3D-B3BFDAE08790}
		{192E3F41-0E97-4CC2-B35C-EE12307F0B3D} = {EDE36FEA-27D0-4753-AF3D-B3BFDAE08790}
		{51743253-9DF7-4004-A630-D55E78549D23} = {EDE36FEA-27D0-4753-AF3D-B3BFDAE08790}
		{AEF54D0F-4A09-4ED7-9822-4C888394AB9F} = {EDE36FEA-27D0-4753-AF3D-B3BFDAE08790}
		{EE887C8F-AEE7-46F6-BFD8-73E93E6BD6A5} = {EDE36FEA-27D0-4753-AF3D-B3BFDAE08790}
	EndGlobalSection
EndGlobal
