
Microsoft Visual Studio Solution File, Format Version 12.00
Project("{FAE04EC0-301F-11D3-BF4B-00C04F79EFBC}") = "KunLun.Api", "KunLun.Api\KunLun.Api.csproj", "{FDFD82E3-497C-4A4E-AF5B-2DFE1211AF0E}"
EndProject
Project("{2150E333-8FDC-42A3-9474-1A3956D46DE8}") = "KunLunProject", "KunLunProject", "{301680CB-C728-46AB-96A0-49CEC9749EC9}"
EndProject
Project("{2150E333-8FDC-42A3-9474-1A3956D46DE8}") = "Cola", "Cola", "{EDE36FEA-27D0-4753-AF3D-B3BFDAE08790}"
EndProject
Project("{FAE04EC0-301F-11D3-BF4B-00C04F79EFBC}") = "Cola.Core", "..\Cola\ColaFramework\Cola.Core\Cola.Core.csproj", "{9BE165B3-87B6-41C0-9F12-C6B3BA19B071}"
EndProject
Project("{FAE04EC0-301F-11D3-BF4B-00C04F79EFBC}") = "Cola.CoreUtils", "..\Cola\ColaFramework\Cola.CoreUtils\Cola.CoreUtils.csproj", "{FAD40A4C-AEBE-4E91-84C0-8EDA38F03C8D}"
EndProject
Project("{FAE04EC0-301F-11D3-BF4B-00C04F79EFBC}") = "Cola.ColaCache", "..\Cola\ColaFramework\Cola.ColaCache\Cola.ColaCache.csproj", "{04ABDBDB-FB62-41F1-BBFA-90D3BB704186}"
EndProject
Project("{FAE04EC0-301F-11D3-BF4B-00C04F79EFBC}") = "Cola.ColaEF", "..\Cola\ColaFramework\Cola.ColaEF\Cola.ColaEF.csproj", "{15C8A72F-789A-4991-B0FC-9D278A65DC71}"
EndProject
Project("{FAE04EC0-301F-11D3-BF4B-00C04F79EFBC}") = "Cola.ColaGrpc", "..\Cola\ColaFramework\Cola.ColaGrpc\Cola.ColaGrpc.csproj", "{1D4F71A9-D29D-41A8-82BA-C272CEC3761F}"
EndProject
Project("{FAE04EC0-301F-11D3-BF4B-00C04F79EFBC}") = "Cola.ColaJwt", "..\Cola\ColaFramework\Cola.ColaJwt\Cola.ColaJwt.csproj", "{659ACBDE-B600-45F1-93E1-EA976081B2E5}"
EndProject
Project("{FAE04EC0-301F-11D3-BF4B-00C04F79EFBC}") = "Cola.ColaWebApi", "..\Cola\ColaFramework\Cola.ColaWebApi\Cola.ColaWebApi.csproj", "{E62EF47C-5475-432F-B2B2-DA5F9537FAAA}"
EndProject
Project("{2150E333-8FDC-42A3-9474-1A3956D46DE8}") = "Presentation", "Presentation", "{E495D912-5A3C-4AAC-A010-B0A53DA95714}"
EndProject
Project("{2150E333-8FDC-42A3-9474-1A3956D46DE8}") = "DomainLayer", "DomainLayer", "{32319D5D-181A-4E84-A884-3DE1907F4A4D}"
EndProject
Project("{FAE04EC0-301F-11D3-BF4B-00C04F79EFBC}") = "Cola.ColaMiddleware", "..\Cola\ColaFramework\Cola.ColaMiddleware\Cola.ColaMiddleware.csproj", "{AA477137-AB40-4C96-BDAB-362E226FA337}"
EndProject
Project("{FAE04EC0-301F-11D3-BF4B-00C04F79EFBC}") = "KunLun.Domain", "KunLun.Domain\KunLun.Domain.csproj", "{6425FC80-82AC-442A-AF5C-9CA5DD935E5F}"
EndProject
Project("{2150E333-8FDC-42A3-9474-1A3956D46DE8}") = "ApplicationLayer", "ApplicationLayer", "{629A0C93-FEEA-4AA5-9F0E-882E2F0DD53E}"
EndProject
Project("{FAE04EC0-301F-11D3-BF4B-00C04F79EFBC}") = "KunLun.Application", "KunLun.Application\KunLun.Application.csproj", "{092F40BD-FA65-4B2F-80AF-74372647814B}"
EndProject
Project("{2150E333-8FDC-42A3-9474-1A3956D46DE8}") = "Infrastructure", "Infrastructure", "{946328E9-BD62-4273-B565-942E4379B162}"
EndProject
Global
	GlobalSection(SolutionConfigurationPlatforms) = preSolution
		Debug|Any CPU = Debug|Any CPU
		Release|Any CPU = Release|Any CPU
	EndGlobalSection
	GlobalSection(ProjectConfigurationPlatforms) = postSolution
		{FDFD82E3-497C-4A4E-AF5B-2DFE1211AF0E}.Debug|Any CPU.ActiveCfg = Debug|Any CPU
		{FDFD82E3-497C-4A4E-AF5B-2DFE1211AF0E}.Debug|Any CPU.Build.0 = Debug|Any CPU
		{FDFD82E3-497C-4A4E-AF5B-2DFE1211AF0E}.Release|Any CPU.ActiveCfg = Release|Any CPU
		{FDFD82E3-497C-4A4E-AF5B-2DFE1211AF0E}.Release|Any CPU.Build.0 = Release|Any CPU
		{9BE165B3-87B6-41C0-9F12-C6B3BA19B071}.Debug|Any CPU.ActiveCfg = Debug|Any CPU
		{9BE165B3-87B6-41C0-9F12-C6B3BA19B071}.Debug|Any CPU.Build.0 = Debug|Any CPU
		{9BE165B3-87B6-41C0-9F12-C6B3BA19B071}.Release|Any CPU.ActiveCfg = Release|Any CPU
		{9BE165B3-87B6-41C0-9F12-C6B3BA19B071}.Release|Any CPU.Build.0 = Release|Any CPU
		{FAD40A4C-AEBE-4E91-84C0-8EDA38F03C8D}.Debug|Any CPU.ActiveCfg = Debug|Any CPU
		{FAD40A4C-AEBE-4E91-84C0-8EDA38F03C8D}.Debug|Any CPU.Build.0 = Debug|Any CPU
		{FAD40A4C-AEBE-4E91-84C0-8EDA38F03C8D}.Release|Any CPU.ActiveCfg = Release|Any CPU
		{FAD40A4C-AEBE-4E91-84C0-8EDA38F03C8D}.Release|Any CPU.Build.0 = Release|Any CPU
		{04ABDBDB-FB62-41F1-BBFA-90D3BB704186}.Debug|Any CPU.ActiveCfg = Debug|Any CPU
		{04ABDBDB-FB62-41F1-BBFA-90D3BB704186}.Debug|Any CPU.Build.0 = Debug|Any CPU
		{04ABDBDB-FB62-41F1-BBFA-90D3BB704186}.Release|Any CPU.ActiveCfg = Release|Any CPU
		{04ABDBDB-FB62-41F1-BBFA-90D3BB704186}.Release|Any CPU.Build.0 = Release|Any CPU
		{15C8A72F-789A-4991-B0FC-9D278A65DC71}.Debug|Any CPU.ActiveCfg = Debug|Any CPU
		{15C8A72F-789A-4991-B0FC-9D278A65DC71}.Debug|Any CPU.Build.0 = Debug|Any CPU
		{15C8A72F-789A-4991-B0FC-9D278A65DC71}.Release|Any CPU.ActiveCfg = Release|Any CPU
		{15C8A72F-789A-4991-B0FC-9D278A65DC71}.Release|Any CPU.Build.0 = Release|Any CPU
		{1D4F71A9-D29D-41A8-82BA-C272CEC3761F}.Debug|Any CPU.ActiveCfg = Debug|Any CPU
		{1D4F71A9-D29D-41A8-82BA-C272CEC3761F}.Debug|Any CPU.Build.0 = Debug|Any CPU
		{1D4F71A9-D29D-41A8-82BA-C272CEC3761F}.Release|Any CPU.ActiveCfg = Release|Any CPU
		{1D4F71A9-D29D-41A8-82BA-C272CEC3761F}.Release|Any CPU.Build.0 = Release|Any CPU
		{659ACBDE-B600-45F1-93E1-EA976081B2E5}.Debug|Any CPU.ActiveCfg = Debug|Any CPU
		{659ACBDE-B600-45F1-93E1-EA976081B2E5}.Debug|Any CPU.Build.0 = Debug|Any CPU
		{659ACBDE-B600-45F1-93E1-EA976081B2E5}.Release|Any CPU.ActiveCfg = Release|Any CPU
		{659ACBDE-B600-45F1-93E1-EA976081B2E5}.Release|Any CPU.Build.0 = Release|Any CPU
		{E62EF47C-5475-432F-B2B2-DA5F9537FAAA}.Debug|Any CPU.ActiveCfg = Debug|Any CPU
		{E62EF47C-5475-432F-B2B2-DA5F9537FAAA}.Debug|Any CPU.Build.0 = Debug|Any CPU
		{E62EF47C-5475-432F-B2B2-DA5F9537FAAA}.Release|Any CPU.ActiveCfg = Release|Any CPU
		{E62EF47C-5475-432F-B2B2-DA5F9537FAAA}.Release|Any CPU.Build.0 = Release|Any CPU
		{AA477137-AB40-4C96-BDAB-362E226FA337}.Debug|Any CPU.ActiveCfg = Debug|Any CPU
		{AA477137-AB40-4C96-BDAB-362E226FA337}.Debug|Any CPU.Build.0 = Debug|Any CPU
		{AA477137-AB40-4C96-BDAB-362E226FA337}.Release|Any CPU.ActiveCfg = Release|Any CPU
		{AA477137-AB40-4C96-BDAB-362E226FA337}.Release|Any CPU.Build.0 = Release|Any CPU
		{6425FC80-82AC-442A-AF5C-9CA5DD935E5F}.Debug|Any CPU.ActiveCfg = Debug|Any CPU
		{6425FC80-82AC-442A-AF5C-9CA5DD935E5F}.Debug|Any CPU.Build.0 = Debug|Any CPU
		{6425FC80-82AC-442A-AF5C-9CA5DD935E5F}.Release|Any CPU.ActiveCfg = Release|Any CPU
		{6425FC80-82AC-442A-AF5C-9CA5DD935E5F}.Release|Any CPU.Build.0 = Release|Any CPU
		{092F40BD-FA65-4B2F-80AF-74372647814B}.Debug|Any CPU.ActiveCfg = Debug|Any CPU
		{092F40BD-FA65-4B2F-80AF-74372647814B}.Debug|Any CPU.Build.0 = Debug|Any CPU
		{092F40BD-FA65-4B2F-80AF-74372647814B}.Release|Any CPU.ActiveCfg = Release|Any CPU
		{092F40BD-FA65-4B2F-80AF-74372647814B}.Release|Any CPU.Build.0 = Release|Any CPU
	EndGlobalSection
	GlobalSection(NestedProjects) = preSolution
		{9BE165B3-87B6-41C0-9F12-C6B3BA19B071} = {EDE36FEA-27D0-4753-AF3D-B3BFDAE08790}
		{FAD40A4C-AEBE-4E91-84C0-8EDA38F03C8D} = {EDE36FEA-27D0-4753-AF3D-B3BFDAE08790}
		{04ABDBDB-FB62-41F1-BBFA-90D3BB704186} = {EDE36FEA-27D0-4753-AF3D-B3BFDAE08790}
		{15C8A72F-789A-4991-B0FC-9D278A65DC71} = {EDE36FEA-27D0-4753-AF3D-B3BFDAE08790}
		{1D4F71A9-D29D-41A8-82BA-C272CEC3761F} = {EDE36FEA-27D0-4753-AF3D-B3BFDAE08790}
		{659ACBDE-B600-45F1-93E1-EA976081B2E5} = {EDE36FEA-27D0-4753-AF3D-B3BFDAE08790}
		{E62EF47C-5475-432F-B2B2-DA5F9537FAAA} = {EDE36FEA-27D0-4753-AF3D-B3BFDAE08790}
		{E495D912-5A3C-4AAC-A010-B0A53DA95714} = {301680CB-C728-46AB-96A0-49CEC9749EC9}
		{FDFD82E3-497C-4A4E-AF5B-2DFE1211AF0E} = {E495D912-5A3C-4AAC-A010-B0A53DA95714}
		{32319D5D-181A-4E84-A884-3DE1907F4A4D} = {301680CB-C728-46AB-96A0-49CEC9749EC9}
		{AA477137-AB40-4C96-BDAB-362E226FA337} = {EDE36FEA-27D0-4753-AF3D-B3BFDAE08790}
		{6425FC80-82AC-442A-AF5C-9CA5DD935E5F} = {32319D5D-181A-4E84-A884-3DE1907F4A4D}
		{629A0C93-FEEA-4AA5-9F0E-882E2F0DD53E} = {301680CB-C728-46AB-96A0-49CEC9749EC9}
		{092F40BD-FA65-4B2F-80AF-74372647814B} = {629A0C93-FEEA-4AA5-9F0E-882E2F0DD53E}
		{946328E9-BD62-4273-B565-942E4379B162} = {301680CB-C728-46AB-96A0-49CEC9749EC9}
	EndGlobalSection
EndGlobal
