
Microsoft Visual Studio Solution File, Format Version 12.00
Project("{2150E333-8FDC-42A3-9474-1A3956D46DE8}") = "Cola", "Cola", "{EDE36FEA-27D0-4753-AF3D-B3BFDAE08790}"
EndProject
Project("{2150E333-8FDC-42A3-9474-1A3956D46DE8}") = "KunLunSln", "KunLunSln", "{7D134052-60E9-4BF4-BEFD-C1A47C8D025F}"
EndProject
Project("{2150E333-8FDC-42A3-9474-1A3956D46DE8}") = "1.Presentation", "1.Presentation", "{3BA2F8BD-87B7-4BA5-8697-98CB277953EE}"
EndProject
Project("{2150E333-8FDC-42A3-9474-1A3956D46DE8}") = "2.Application", "2.Application", "{3AA6B1FD-FFAA-4D71-A016-29192BBF31EE}"
EndProject
Project("{2150E333-8FDC-42A3-9474-1A3956D46DE8}") = "3.Domain", "3.Domain", "{C69D8EDE-4A2D-4725-940D-A7CACFDFA7C2}"
EndProject
Project("{2150E333-8FDC-42A3-9474-1A3956D46DE8}") = "4.Infrastructure", "4.Infrastructure", "{CC1E2609-D0A1-49D3-8F7C-1184CC04737B}"
EndProject
Project("{FAE04EC0-301F-11D3-BF4B-00C04F79EFBC}") = "KunLun.Api", "KunLun.Api\KunLun.Api.csproj", "{CC32F529-B833-46AA-96A2-CAB906AA161A}"
EndProject
Project("{FAE04EC0-301F-11D3-BF4B-00C04F79EFBC}") = "Cola.ColaCache", "..\Cola\ColaFramework\Cola.ColaCache\Cola.ColaCache.csproj", "{33DC99A3-CCF5-47AA-B21E-4710F7A85D33}"
EndProject
Project("{FAE04EC0-301F-11D3-BF4B-00C04F79EFBC}") = "Cola.ColaEF", "..\Cola\ColaFramework\Cola.ColaEF\Cola.ColaEF.csproj", "{8B8C8353-71F5-4BF4-BA4C-657312B5EE36}"
EndProject
Project("{FAE04EC0-301F-11D3-BF4B-00C04F79EFBC}") = "Cola.ColaGrpc", "..\Cola\ColaFramework\Cola.ColaGrpc\Cola.ColaGrpc.csproj", "{FB153499-E976-494C-9D53-AD4D6CC8108F}"
EndProject
Project("{FAE04EC0-301F-11D3-BF4B-00C04F79EFBC}") = "Cola.ColaJwt", "..\Cola\ColaFramework\Cola.ColaJwt\Cola.ColaJwt.csproj", "{53B16C21-7B62-421D-9121-095935239F10}"
EndProject
Project("{FAE04EC0-301F-11D3-BF4B-00C04F79EFBC}") = "Cola.ColaMiddleware", "..\Cola\ColaFramework\Cola.ColaMiddleware\Cola.ColaMiddleware.csproj", "{6E699241-DDB8-4EC6-8C41-FA36A0D22D72}"
EndProject
Project("{FAE04EC0-301F-11D3-BF4B-00C04F79EFBC}") = "Cola.ColaWebApi", "..\Cola\ColaFramework\Cola.ColaWebApi\Cola.ColaWebApi.csproj", "{50E20A29-8114-4F93-AD48-101B4F020139}"
EndProject
Project("{FAE04EC0-301F-11D3-BF4B-00C04F79EFBC}") = "Cola.Core", "..\Cola\ColaFramework\Cola.Core\Cola.Core.csproj", "{305E634B-F48B-47CF-B7A4-4AE7A7DA19D9}"
EndProject
Project("{FAE04EC0-301F-11D3-BF4B-00C04F79EFBC}") = "Cola.CoreUtils", "..\Cola\ColaFramework\Cola.CoreUtils\Cola.CoreUtils.csproj", "{6B6BFD6F-E4E9-4D03-B170-3BC6CAFBF63B}"
EndProject
Project("{FAE04EC0-301F-11D3-BF4B-00C04F79EFBC}") = "Cola.ColaMongo", "..\Cola\ColaFramework\Cola.ColaMongo\Cola.ColaMongo.csproj", "{66B39F58-E3F3-4973-AF74-3A9ABF6E3692}"
EndProject
Project("{FAE04EC0-301F-11D3-BF4B-00C04F79EFBC}") = "Cola.SystemBuilder", "..\Cola\ColaFramework\Cola.SystemBuilder\Cola.SystemBuilder.csproj", "{E048893D-27C7-4ACA-B021-149320618481}"
EndProject
Global
	GlobalSection(SolutionConfigurationPlatforms) = preSolution
		Debug|Any CPU = Debug|Any CPU
		Release|Any CPU = Release|Any CPU
	EndGlobalSection
	GlobalSection(ProjectConfigurationPlatforms) = postSolution
		{CC32F529-B833-46AA-96A2-CAB906AA161A}.Debug|Any CPU.ActiveCfg = Debug|Any CPU
		{CC32F529-B833-46AA-96A2-CAB906AA161A}.Debug|Any CPU.Build.0 = Debug|Any CPU
		{CC32F529-B833-46AA-96A2-CAB906AA161A}.Release|Any CPU.ActiveCfg = Release|Any CPU
		{CC32F529-B833-46AA-96A2-CAB906AA161A}.Release|Any CPU.Build.0 = Release|Any CPU
		{33DC99A3-CCF5-47AA-B21E-4710F7A85D33}.Debug|Any CPU.ActiveCfg = Debug|Any CPU
		{33DC99A3-CCF5-47AA-B21E-4710F7A85D33}.Debug|Any CPU.Build.0 = Debug|Any CPU
		{33DC99A3-CCF5-47AA-B21E-4710F7A85D33}.Release|Any CPU.ActiveCfg = Release|Any CPU
		{33DC99A3-CCF5-47AA-B21E-4710F7A85D33}.Release|Any CPU.Build.0 = Release|Any CPU
		{8B8C8353-71F5-4BF4-BA4C-657312B5EE36}.Debug|Any CPU.ActiveCfg = Debug|Any CPU
		{8B8C8353-71F5-4BF4-BA4C-657312B5EE36}.Debug|Any CPU.Build.0 = Debug|Any CPU
		{8B8C8353-71F5-4BF4-BA4C-657312B5EE36}.Release|Any CPU.ActiveCfg = Release|Any CPU
		{8B8C8353-71F5-4BF4-BA4C-657312B5EE36}.Release|Any CPU.Build.0 = Release|Any CPU
		{FB153499-E976-494C-9D53-AD4D6CC8108F}.Debug|Any CPU.ActiveCfg = Debug|Any CPU
		{FB153499-E976-494C-9D53-AD4D6CC8108F}.Debug|Any CPU.Build.0 = Debug|Any CPU
		{FB153499-E976-494C-9D53-AD4D6CC8108F}.Release|Any CPU.ActiveCfg = Release|Any CPU
		{FB153499-E976-494C-9D53-AD4D6CC8108F}.Release|Any CPU.Build.0 = Release|Any CPU
		{53B16C21-7B62-421D-9121-095935239F10}.Debug|Any CPU.ActiveCfg = Debug|Any CPU
		{53B16C21-7B62-421D-9121-095935239F10}.Debug|Any CPU.Build.0 = Debug|Any CPU
		{53B16C21-7B62-421D-9121-095935239F10}.Release|Any CPU.ActiveCfg = Release|Any CPU
		{53B16C21-7B62-421D-9121-095935239F10}.Release|Any CPU.Build.0 = Release|Any CPU
		{6E699241-DDB8-4EC6-8C41-FA36A0D22D72}.Debug|Any CPU.ActiveCfg = Debug|Any CPU
		{6E699241-DDB8-4EC6-8C41-FA36A0D22D72}.Debug|Any CPU.Build.0 = Debug|Any CPU
		{6E699241-DDB8-4EC6-8C41-FA36A0D22D72}.Release|Any CPU.ActiveCfg = Release|Any CPU
		{6E699241-DDB8-4EC6-8C41-FA36A0D22D72}.Release|Any CPU.Build.0 = Release|Any CPU
		{50E20A29-8114-4F93-AD48-101B4F020139}.Debug|Any CPU.ActiveCfg = Debug|Any CPU
		{50E20A29-8114-4F93-AD48-101B4F020139}.Debug|Any CPU.Build.0 = Debug|Any CPU
		{50E20A29-8114-4F93-AD48-101B4F020139}.Release|Any CPU.ActiveCfg = Release|Any CPU
		{50E20A29-8114-4F93-AD48-101B4F020139}.Release|Any CPU.Build.0 = Release|Any CPU
		{305E634B-F48B-47CF-B7A4-4AE7A7DA19D9}.Debug|Any CPU.ActiveCfg = Debug|Any CPU
		{305E634B-F48B-47CF-B7A4-4AE7A7DA19D9}.Debug|Any CPU.Build.0 = Debug|Any CPU
		{305E634B-F48B-47CF-B7A4-4AE7A7DA19D9}.Release|Any CPU.ActiveCfg = Release|Any CPU
		{305E634B-F48B-47CF-B7A4-4AE7A7DA19D9}.Release|Any CPU.Build.0 = Release|Any CPU
		{6B6BFD6F-E4E9-4D03-B170-3BC6CAFBF63B}.Debug|Any CPU.ActiveCfg = Debug|Any CPU
		{6B6BFD6F-E4E9-4D03-B170-3BC6CAFBF63B}.Debug|Any CPU.Build.0 = Debug|Any CPU
		{6B6BFD6F-E4E9-4D03-B170-3BC6CAFBF63B}.Release|Any CPU.ActiveCfg = Release|Any CPU
		{6B6BFD6F-E4E9-4D03-B170-3BC6CAFBF63B}.Release|Any CPU.Build.0 = Release|Any CPU
		{66B39F58-E3F3-4973-AF74-3A9ABF6E3692}.Debug|Any CPU.ActiveCfg = Debug|Any CPU
		{66B39F58-E3F3-4973-AF74-3A9ABF6E3692}.Debug|Any CPU.Build.0 = Debug|Any CPU
		{66B39F58-E3F3-4973-AF74-3A9ABF6E3692}.Release|Any CPU.ActiveCfg = Release|Any CPU
		{66B39F58-E3F3-4973-AF74-3A9ABF6E3692}.Release|Any CPU.Build.0 = Release|Any CPU
		{E048893D-27C7-4ACA-B021-149320618481}.Debug|Any CPU.ActiveCfg = Debug|Any CPU
		{E048893D-27C7-4ACA-B021-149320618481}.Debug|Any CPU.Build.0 = Debug|Any CPU
		{E048893D-27C7-4ACA-B021-149320618481}.Release|Any CPU.ActiveCfg = Release|Any CPU
		{E048893D-27C7-4ACA-B021-149320618481}.Release|Any CPU.Build.0 = Release|Any CPU
	EndGlobalSection
	GlobalSection(NestedProjects) = preSolution
		{3BA2F8BD-87B7-4BA5-8697-98CB277953EE} = {7D134052-60E9-4BF4-BEFD-C1A47C8D025F}
		{3AA6B1FD-FFAA-4D71-A016-29192BBF31EE} = {7D134052-60E9-4BF4-BEFD-C1A47C8D025F}
		{C69D8EDE-4A2D-4725-940D-A7CACFDFA7C2} = {7D134052-60E9-4BF4-BEFD-C1A47C8D025F}
		{CC1E2609-D0A1-49D3-8F7C-1184CC04737B} = {7D134052-60E9-4BF4-BEFD-C1A47C8D025F}
		{CC32F529-B833-46AA-96A2-CAB906AA161A} = {3BA2F8BD-87B7-4BA5-8697-98CB277953EE}
		{33DC99A3-CCF5-47AA-B21E-4710F7A85D33} = {EDE36FEA-27D0-4753-AF3D-B3BFDAE08790}
		{8B8C8353-71F5-4BF4-BA4C-657312B5EE36} = {EDE36FEA-27D0-4753-AF3D-B3BFDAE08790}
		{FB153499-E976-494C-9D53-AD4D6CC8108F} = {EDE36FEA-27D0-4753-AF3D-B3BFDAE08790}
		{53B16C21-7B62-421D-9121-095935239F10} = {EDE36FEA-27D0-4753-AF3D-B3BFDAE08790}
		{6E699241-DDB8-4EC6-8C41-FA36A0D22D72} = {EDE36FEA-27D0-4753-AF3D-B3BFDAE08790}
		{50E20A29-8114-4F93-AD48-101B4F020139} = {EDE36FEA-27D0-4753-AF3D-B3BFDAE08790}
		{305E634B-F48B-47CF-B7A4-4AE7A7DA19D9} = {EDE36FEA-27D0-4753-AF3D-B3BFDAE08790}
		{6B6BFD6F-E4E9-4D03-B170-3BC6CAFBF63B} = {EDE36FEA-27D0-4753-AF3D-B3BFDAE08790}
		{66B39F58-E3F3-4973-AF74-3A9ABF6E3692} = {EDE36FEA-27D0-4753-AF3D-B3BFDAE08790}
		{E048893D-27C7-4ACA-B021-149320618481} = {EDE36FEA-27D0-4753-AF3D-B3BFDAE08790}
	EndGlobalSection
EndGlobal
